
Microsoft Visual Studio Solution File, Format Version 12.00
# Visual Studio Version 17
VisualStudioVersion = 17.10.35013.160
MinimumVisualStudioVersion = 10.0.40219.1
Project("{9A19103F-16F7-4668-BE54-9A1E7A4F7556}") = "BusinessDayCounter.Logic", "BusinessDayCounter\BusinessDayCounter.Logic.csproj", "{4AD0C051-C90F-42CF-A2A3-81E85DD40BC2}"
EndProject
Project("{9A19103F-16F7-4668-BE54-9A1E7A4F7556}") = "BusinessDayCounter.Tests", "BusinessDayCounter.Tests\BusinessDayCounter.Tests.csproj", "{5DFEA517-FD7D-4A86-91DB-EF2E9C6C3213}"
EndProject
Project("{2150E333-8FDC-42A3-9474-1A3956D46DE8}") = "Tests", "Tests", "{6DF4AAD8-F132-45B6-AE8C-DAC458D35258}"
EndProject
Project("{9A19103F-16F7-4668-BE54-9A1E7A4F7556}") = "BusinessDayCounter.Contracts", "BusinessDayCounter.Contracts\BusinessDayCounter.Contracts.csproj", "{975F5E9A-B5FF-46B2-94AE-214B59CC1C67}"
EndProject
Global
	GlobalSection(SolutionConfigurationPlatforms) = preSolution
		Debug|Any CPU = Debug|Any CPU
		Release|Any CPU = Release|Any CPU
	EndGlobalSection
	GlobalSection(ProjectConfigurationPlatforms) = postSolution
		{4AD0C051-C90F-42CF-A2A3-81E85DD40BC2}.Debug|Any CPU.ActiveCfg = Debug|Any CPU
		{4AD0C051-C90F-42CF-A2A3-81E85DD40BC2}.Debug|Any CPU.Build.0 = Debug|Any CPU
		{4AD0C051-C90F-42CF-A2A3-81E85DD40BC2}.Release|Any CPU.ActiveCfg = Release|Any CPU
		{4AD0C051-C90F-42CF-A2A3-81E85DD40BC2}.Release|Any CPU.Build.0 = Release|Any CPU
		{5DFEA517-FD7D-4A86-91DB-EF2E9C6C3213}.Debug|Any CPU.ActiveCfg = Debug|Any CPU
		{5DFEA517-FD7D-4A86-91DB-EF2E9C6C3213}.Debug|Any CPU.Build.0 = Debug|Any CPU
		{5DFEA517-FD7D-4A86-91DB-EF2E9C6C3213}.Release|Any CPU.ActiveCfg = Release|Any CPU
		{5DFEA517-FD7D-4A86-91DB-EF2E9C6C3213}.Release|Any CPU.Build.0 = Release|Any CPU
		{975F5E9A-B5FF-46B2-94AE-214B59CC1C67}.Debug|Any CPU.ActiveCfg = Debug|Any CPU
		{975F5E9A-B5FF-46B2-94AE-214B59CC1C67}.Debug|Any CPU.Build.0 = Debug|Any CPU
		{975F5E9A-B5FF-46B2-94AE-214B59CC1C67}.Release|Any CPU.ActiveCfg = Release|Any CPU
		{975F5E9A-B5FF-46B2-94AE-214B59CC1C67}.Release|Any CPU.Build.0 = Release|Any CPU
	EndGlobalSection
	GlobalSection(SolutionProperties) = preSolution
		HideSolutionNode = FALSE
	EndGlobalSection
	GlobalSection(NestedProjects) = preSolution
		{5DFEA517-FD7D-4A86-91DB-EF2E9C6C3213} = {6DF4AAD8-F132-45B6-AE8C-DAC458D35258}
	EndGlobalSection
	GlobalSection(ExtensibilityGlobals) = postSolution
		SolutionGuid = {720F9A8B-CE0C-437B-971D-DC4E09E0D126}
	EndGlobalSection
EndGlobal
